// !$*UTF8*$!
{
	archiveVersion = 1;
	classes = {
	};
	objectVersion = 46;
	objects = {

/* Begin PBXBuildFile section */
		7A34915F19B317000075D53D /* Foundation.framework in Frameworks */ = {isa = PBXBuildFile; fileRef = 7A34915E19B317000075D53D /* Foundation.framework */; };
		7A34916119B317000075D53D /* CoreGraphics.framework in Frameworks */ = {isa = PBXBuildFile; fileRef = 7A34916019B317000075D53D /* CoreGraphics.framework */; };
		7A34916319B317000075D53D /* UIKit.framework in Frameworks */ = {isa = PBXBuildFile; fileRef = 7A34916219B317000075D53D /* UIKit.framework */; };
		7A34916919B317000075D53D /* InfoPlist.strings in Resources */ = {isa = PBXBuildFile; fileRef = 7A34916719B317000075D53D /* InfoPlist.strings */; };
		7A34916B19B317000075D53D /* main.m in Sources */ = {isa = PBXBuildFile; fileRef = 7A34916A19B317000075D53D /* main.m */; };
		7A34916F19B317000075D53D /* AppDelegate.m in Sources */ = {isa = PBXBuildFile; fileRef = 7A34916E19B317000075D53D /* AppDelegate.m */; };
		7A34917219B317000075D53D /* Main_iPhone.storyboard in Resources */ = {isa = PBXBuildFile; fileRef = 7A34917019B317000075D53D /* Main_iPhone.storyboard */; };
		7A34917519B317000075D53D /* Main_iPad.storyboard in Resources */ = {isa = PBXBuildFile; fileRef = 7A34917319B317000075D53D /* Main_iPad.storyboard */; };
		7A34917819B317000075D53D /* ViewController.m in Sources */ = {isa = PBXBuildFile; fileRef = 7A34917719B317000075D53D /* ViewController.m */; };
		7A34917A19B317000075D53D /* Images.xcassets in Resources */ = {isa = PBXBuildFile; fileRef = 7A34917919B317000075D53D /* Images.xcassets */; };
		7A34918119B317000075D53D /* XCTest.framework in Frameworks */ = {isa = PBXBuildFile; fileRef = 7A34918019B317000075D53D /* XCTest.framework */; };
		7A34918219B317000075D53D /* Foundation.framework in Frameworks */ = {isa = PBXBuildFile; fileRef = 7A34915E19B317000075D53D /* Foundation.framework */; };
		7A34918319B317000075D53D /* UIKit.framework in Frameworks */ = {isa = PBXBuildFile; fileRef = 7A34916219B317000075D53D /* UIKit.framework */; };
		7A34918B19B317000075D53D /* InfoPlist.strings in Resources */ = {isa = PBXBuildFile; fileRef = 7A34918919B317000075D53D /* InfoPlist.strings */; };
		7A34918D19B317000075D53D /* InstgrmIntegrationTests.m in Sources */ = {isa = PBXBuildFile; fileRef = 7A34918C19B317000075D53D /* InstgrmIntegrationTests.m */; };
/* End PBXBuildFile section */

/* Begin PBXContainerItemProxy section */
		7A34918419B317000075D53D /* PBXContainerItemProxy */ = {
			isa = PBXContainerItemProxy;
			containerPortal = 7A34915319B317000075D53D /* Project object */;
			proxyType = 1;
			remoteGlobalIDString = 7A34915A19B317000075D53D;
			remoteInfo = InstgrmIntegration;
		};
/* End PBXContainerItemProxy section */

/* Begin PBXFileReference section */
		7A34915B19B317000075D53D /* InstgrmIntegration.app */ = {isa = PBXFileReference; explicitFileType = wrapper.application; includeInIndex = 0; path = InstgrmIntegration.app; sourceTree = BUILT_PRODUCTS_DIR; };
		7A34915E19B317000075D53D /* Foundation.framework */ = {isa = PBXFileReference; lastKnownFileType = wrapper.framework; name = Foundation.framework; path = System/Library/Frameworks/Foundation.framework; sourceTree = SDKROOT; };
		7A34916019B317000075D53D /* CoreGraphics.framework */ = {isa = PBXFileReference; lastKnownFileType = wrapper.framework; name = CoreGraphics.framework; path = System/Library/Frameworks/CoreGraphics.framework; sourceTree = SDKROOT; };
		7A34916219B317000075D53D /* UIKit.framework */ = {isa = PBXFileReference; lastKnownFileType = wrapper.framework; name = UIKit.framework; path = System/Library/Frameworks/UIKit.framework; sourceTree = SDKROOT; };
		7A34916619B317000075D53D /* InstgrmIntegration-Info.plist */ = {isa = PBXFileReference; lastKnownFileType = text.plist.xml; path = "InstgrmIntegration-Info.plist"; sourceTree = "<group>"; };
		7A34916819B317000075D53D /* en */ = {isa = PBXFileReference; lastKnownFileType = text.plist.strings; name = en; path = en.lproj/InfoPlist.strings; sourceTree = "<group>"; };
		7A34916A19B317000075D53D /* main.m */ = {isa = PBXFileReference; lastKnownFileType = sourcecode.c.objc; path = main.m; sourceTree = "<group>"; };
		7A34916C19B317000075D53D /* InstgrmIntegration-Prefix.pch */ = {isa = PBXFileReference; lastKnownFileType = sourcecode.c.h; path = "InstgrmIntegration-Prefix.pch"; sourceTree = "<group>"; };
		7A34916D19B317000075D53D /* AppDelegate.h */ = {isa = PBXFileReference; lastKnownFileType = sourcecode.c.h; path = AppDelegate.h; sourceTree = "<group>"; };
		7A34916E19B317000075D53D /* AppDelegate.m */ = {isa = PBXFileReference; lastKnownFileType = sourcecode.c.objc; path = AppDelegate.m; sourceTree = "<group>"; };
		7A34917119B317000075D53D /* Base */ = {isa = PBXFileReference; lastKnownFileType = file.storyboard; name = Base; path = Base.lproj/Main_iPhone.storyboard; sourceTree = "<group>"; };
		7A34917419B317000075D53D /* Base */ = {isa = PBXFileReference; lastKnownFileType = file.storyboard; name = Base; path = Base.lproj/Main_iPad.storyboard; sourceTree = "<group>"; };
		7A34917619B317000075D53D /* ViewController.h */ = {isa = PBXFileReference; lastKnownFileType = sourcecode.c.h; path = ViewController.h; sourceTree = "<group>"; };
		7A34917719B317000075D53D /* ViewController.m */ = {isa = PBXFileReference; lastKnownFileType = sourcecode.c.objc; path = ViewController.m; sourceTree = "<group>"; };
		7A34917919B317000075D53D /* Images.xcassets */ = {isa = PBXFileReference; lastKnownFileType = folder.assetcatalog; path = Images.xcassets; sourceTree = "<group>"; };
		7A34917F19B317000075D53D /* InstgrmIntegrationTests.xctest */ = {isa = PBXFileReference; explicitFileType = wrapper.cfbundle; includeInIndex = 0; path = InstgrmIntegrationTests.xctest; sourceTree = BUILT_PRODUCTS_DIR; };
		7A34918019B317000075D53D /* XCTest.framework */ = {isa = PBXFileReference; lastKnownFileType = wrapper.framework; name = XCTest.framework; path = Library/Frameworks/XCTest.framework; sourceTree = DEVELOPER_DIR; };
		7A34918819B317000075D53D /* InstgrmIntegrationTests-Info.plist */ = {isa = PBXFileReference; lastKnownFileType = text.plist.xml; path = "InstgrmIntegrationTests-Info.plist"; sourceTree = "<group>"; };
		7A34918A19B317000075D53D /* en */ = {isa = PBXFileReference; lastKnownFileType = text.plist.strings; name = en; path = en.lproj/InfoPlist.strings; sourceTree = "<group>"; };
		7A34918C19B317000075D53D /* InstgrmIntegrationTests.m */ = {isa = PBXFileReference; lastKnownFileType = sourcecode.c.objc; path = InstgrmIntegrationTests.m; sourceTree = "<group>"; };
/* End PBXFileReference section */

/* Begin PBXFrameworksBuildPhase section */
		7A34915819B317000075D53D /* Frameworks */ = {
			isa = PBXFrameworksBuildPhase;
			buildActionMask = 2147483647;
			files = (
				7A34916119B317000075D53D /* CoreGraphics.framework in Frameworks */,
				7A34916319B317000075D53D /* UIKit.framework in Frameworks */,
				7A34915F19B317000075D53D /* Foundation.framework in Frameworks */,
			);
			runOnlyForDeploymentPostprocessing = 0;
		};
		7A34917C19B317000075D53D /* Frameworks */ = {
			isa = PBXFrameworksBuildPhase;
			buildActionMask = 2147483647;
			files = (
				7A34918119B317000075D53D /* XCTest.framework in Frameworks */,
				7A34918319B317000075D53D /* UIKit.framework in Frameworks */,
				7A34918219B317000075D53D /* Foundation.framework in Frameworks */,
			);
			runOnlyForDeploymentPostprocessing = 0;
		};
/* End PBXFrameworksBuildPhase section */

/* Begin PBXGroup section */
		7A34915219B317000075D53D = {
			isa = PBXGroup;
			children = (
				7A34916419B317000075D53D /* InstgrmIntegration */,
				7A34918619B317000075D53D /* InstgrmIntegrationTests */,
				7A34915D19B317000075D53D /* Frameworks */,
				7A34915C19B317000075D53D /* Products */,
			);
			sourceTree = "<group>";
		};
		7A34915C19B317000075D53D /* Products */ = {
			isa = PBXGroup;
			children = (
				7A34915B19B317000075D53D /* InstgrmIntegration.app */,
				7A34917F19B317000075D53D /* InstgrmIntegrationTests.xctest */,
			);
			name = Products;
			sourceTree = "<group>";
		};
		7A34915D19B317000075D53D /* Frameworks */ = {
			isa = PBXGroup;
			children = (
				7A34915E19B317000075D53D /* Foundation.framework */,
				7A34916019B317000075D53D /* CoreGraphics.framework */,
				7A34916219B317000075D53D /* UIKit.framework */,
				7A34918019B317000075D53D /* XCTest.framework */,
			);
			name = Frameworks;
			sourceTree = "<group>";
		};
		7A34916419B317000075D53D /* InstgrmIntegration */ = {
			isa = PBXGroup;
			children = (
				7A34916D19B317000075D53D /* AppDelegate.h */,
				7A34916E19B317000075D53D /* AppDelegate.m */,
				7A34917019B317000075D53D /* Main_iPhone.storyboard */,
				7A34917319B317000075D53D /* Main_iPad.storyboard */,
				7A34917619B317000075D53D /* ViewController.h */,
				7A34917719B317000075D53D /* ViewController.m */,
				7A34917919B317000075D53D /* Images.xcassets */,
				7A34916519B317000075D53D /* Supporting Files */,
			);
			path = InstgrmIntegration;
			sourceTree = "<group>";
		};
		7A34916519B317000075D53D /* Supporting Files */ = {
			isa = PBXGroup;
			children = (
				7A34916619B317000075D53D /* InstgrmIntegration-Info.plist */,
				7A34916719B317000075D53D /* InfoPlist.strings */,
				7A34916A19B317000075D53D /* main.m */,
				7A34916C19B317000075D53D /* InstgrmIntegration-Prefix.pch */,
			);
			name = "Supporting Files";
			sourceTree = "<group>";
		};
		7A34918619B317000075D53D /* InstgrmIntegrationTests */ = {
			isa = PBXGroup;
			children = (
				7A34918C19B317000075D53D /* InstgrmIntegrationTests.m */,
				7A34918719B317000075D53D /* Supporting Files */,
			);
			path = InstgrmIntegrationTests;
			sourceTree = "<group>";
		};
		7A34918719B317000075D53D /* Supporting Files */ = {
			isa = PBXGroup;
			children = (
				7A34918819B317000075D53D /* InstgrmIntegrationTests-Info.plist */,
				7A34918919B317000075D53D /* InfoPlist.strings */,
			);
			name = "Supporting Files";
			sourceTree = "<group>";
		};
/* End PBXGroup section */

/* Begin PBXNativeTarget section */
		7A34915A19B317000075D53D /* InstgrmIntegration */ = {
			isa = PBXNativeTarget;
			buildConfigurationList = 7A34919019B317000075D53D /* Build configuration list for PBXNativeTarget "InstgrmIntegration" */;
			buildPhases = (
				7A34915719B317000075D53D /* Sources */,
				7A34915819B317000075D53D /* Frameworks */,
				7A34915919B317000075D53D /* Resources */,
			);
			buildRules = (
			);
			dependencies = (
			);
			name = InstgrmIntegration;
			productName = InstgrmIntegration;
			productReference = 7A34915B19B317000075D53D /* InstgrmIntegration.app */;
			productType = "com.apple.product-type.application";
		};
		7A34917E19B317000075D53D /* InstgrmIntegrationTests */ = {
			isa = PBXNativeTarget;
			buildConfigurationList = 7A34919319B317000075D53D /* Build configuration list for PBXNativeTarget "InstgrmIntegrationTests" */;
			buildPhases = (
				7A34917B19B317000075D53D /* Sources */,
				7A34917C19B317000075D53D /* Frameworks */,
				7A34917D19B317000075D53D /* Resources */,
			);
			buildRules = (
			);
			dependencies = (
				7A34918519B317000075D53D /* PBXTargetDependency */,
			);
			name = InstgrmIntegrationTests;
			productName = InstgrmIntegrationTests;
			productReference = 7A34917F19B317000075D53D /* InstgrmIntegrationTests.xctest */;
			productType = "com.apple.product-type.bundle.unit-test";
		};
/* End PBXNativeTarget section */

/* Begin PBXProject section */
		7A34915319B317000075D53D /* Project object */ = {
			isa = PBXProject;
			attributes = {
				LastUpgradeCheck = 0510;
				ORGANIZATIONNAME = hha;
				TargetAttributes = {
					7A34917E19B317000075D53D = {
						TestTargetID = 7A34915A19B317000075D53D;
					};
				};
			};
			buildConfigurationList = 7A34915619B317000075D53D /* Build configuration list for PBXProject "InstgrmIntegration" */;
			compatibilityVersion = "Xcode 3.2";
			developmentRegion = English;
			hasScannedForEncodings = 0;
			knownRegions = (
				en,
				Base,
			);
			mainGroup = 7A34915219B317000075D53D;
			productRefGroup = 7A34915C19B317000075D53D /* Products */;
			projectDirPath = "";
			projectRoot = "";
			targets = (
				7A34915A19B317000075D53D /* InstgrmIntegration */,
				7A34917E19B317000075D53D /* InstgrmIntegrationTests */,
			);
		};
/* End PBXProject section */

/* Begin PBXResourcesBuildPhase section */
		7A34915919B317000075D53D /* Resources */ = {
			isa = PBXResourcesBuildPhase;
			buildActionMask = 2147483647;
			files = (
				7A34917519B317000075D53D /* Main_iPad.storyboard in Resources */,
				7A34917A19B317000075D53D /* Images.xcassets in Resources */,
				7A34917219B317000075D53D /* Main_iPhone.storyboard in Resources */,
				7A34916919B317000075D53D /* InfoPlist.strings in Resources */,
			);
			runOnlyForDeploymentPostprocessing = 0;
		};
		7A34917D19B317000075D53D /* Resources */ = {
			isa = PBXResourcesBuildPhase;
			buildActionMask = 2147483647;
			files = (
				7A34918B19B317000075D53D /* InfoPlist.strings in Resources */,
			);
			runOnlyForDeploymentPostprocessing = 0;
		};
/* End PBXResourcesBuildPhase section */

/* Begin PBXSourcesBuildPhase section */
		7A34915719B317000075D53D /* Sources */ = {
			isa = PBXSourcesBuildPhase;
			buildActionMask = 2147483647;
			files = (
				7A34917819B317000075D53D /* ViewController.m in Sources */,
				7A34916F19B317000075D53D /* AppDelegate.m in Sources */,
				7A34916B19B317000075D53D /* main.m in Sources */,
			);
			runOnlyForDeploymentPostprocessing = 0;
		};
		7A34917B19B317000075D53D /* Sources */ = {
			isa = PBXSourcesBuildPhase;
			buildActionMask = 2147483647;
			files = (
				7A34918D19B317000075D53D /* InstgrmIntegrationTests.m in Sources */,
			);
			runOnlyForDeploymentPostprocessing = 0;
		};
/* End PBXSourcesBuildPhase section */

/* Begin PBXTargetDependency section */
		7A34918519B317000075D53D /* PBXTargetDependency */ = {
			isa = PBXTargetDependency;
			target = 7A34915A19B317000075D53D /* InstgrmIntegration */;
			targetProxy = 7A34918419B317000075D53D /* PBXContainerItemProxy */;
		};
/* End PBXTargetDependency section */

/* Begin PBXVariantGroup section */
		7A34916719B317000075D53D /* InfoPlist.strings */ = {
			isa = PBXVariantGroup;
			children = (
				7A34916819B317000075D53D /* en */,
			);
			name = InfoPlist.strings;
			sourceTree = "<group>";
		};
		7A34917019B317000075D53D /* Main_iPhone.storyboard */ = {
			isa = PBXVariantGroup;
			children = (
				7A34917119B317000075D53D /* Base */,
			);
			name = Main_iPhone.storyboard;
			sourceTree = "<group>";
		};
		7A34917319B317000075D53D /* Main_iPad.storyboard */ = {
			isa = PBXVariantGroup;
			children = (
				7A34917419B317000075D53D /* Base */,
			);
			name = Main_iPad.storyboard;
			sourceTree = "<group>";
		};
		7A34918919B317000075D53D /* InfoPlist.strings */ = {
			isa = PBXVariantGroup;
			children = (
				7A34918A19B317000075D53D /* en */,
			);
			name = InfoPlist.strings;
			sourceTree = "<group>";
		};
/* End PBXVariantGroup section */

/* Begin XCBuildConfiguration section */
		7A34918E19B317000075D53D /* Debug */ = {
			isa = XCBuildConfiguration;
			buildSettings = {
				ALWAYS_SEARCH_USER_PATHS = NO;
				CLANG_CXX_LANGUAGE_STANDARD = "gnu++0x";
				CLANG_CXX_LIBRARY = "libc++";
				CLANG_ENABLE_MODULES = YES;
				CLANG_ENABLE_OBJC_ARC = YES;
				CLANG_WARN_BOOL_CONVERSION = YES;
				CLANG_WARN_CONSTANT_CONVERSION = YES;
				CLANG_WARN_DIRECT_OBJC_ISA_USAGE = YES_ERROR;
				CLANG_WARN_EMPTY_BODY = YES;
				CLANG_WARN_ENUM_CONVERSION = YES;
				CLANG_WARN_INT_CONVERSION = YES;
				CLANG_WARN_OBJC_ROOT_CLASS = YES_ERROR;
				CLANG_WARN__DUPLICATE_METHOD_MATCH = YES;
				"CODE_SIGN_IDENTITY[sdk=iphoneos*]" = "iPhone Developer";
				COPY_PHASE_STRIP = NO;
				GCC_C_LANGUAGE_STANDARD = gnu99;
				GCC_DYNAMIC_NO_PIC = NO;
				GCC_OPTIMIZATION_LEVEL = 0;
				GCC_PREPROCESSOR_DEFINITIONS = (
					"DEBUG=1",
					"$(inherited)",
				);
				GCC_SYMBOLS_PRIVATE_EXTERN = NO;
				GCC_WARN_64_TO_32_BIT_CONVERSION = YES;
				GCC_WARN_ABOUT_RETURN_TYPE = YES_ERROR;
				GCC_WARN_UNDECLARED_SELECTOR = YES;
				GCC_WARN_UNINITIALIZED_AUTOS = YES_AGGRESSIVE;
				GCC_WARN_UNUSED_FUNCTION = YES;
				GCC_WARN_UNUSED_VARIABLE = YES;
				IPHONEOS_DEPLOYMENT_TARGET = 7.1;
				ONLY_ACTIVE_ARCH = YES;
				SDKROOT = iphoneos;
				TARGETED_DEVICE_FAMILY = "1,2";
			};
			name = Debug;
		};
		7A34918F19B317000075D53D /* Release */ = {
			isa = XCBuildConfiguration;
			buildSettings = {
				ALWAYS_SEARCH_USER_PATHS = NO;
				CLANG_CXX_LANGUAGE_STANDARD = "gnu++0x";
				CLANG_CXX_LIBRARY = "libc++";
				CLANG_ENABLE_MODULES = YES;
				CLANG_ENABLE_OBJC_ARC = YES;
				CLANG_WARN_BOOL_CONVERSION = YES;
				CLANG_WARN_CONSTANT_CONVERSION = YES;
				CLANG_WARN_DIRECT_OBJC_ISA_USAGE = YES_ERROR;
				CLANG_WARN_EMPTY_BODY = YES;
				CLANG_WARN_ENUM_CONVERSION = YES;
				CLANG_WARN_INT_CONVERSION = YES;
				CLANG_WARN_OBJC_ROOT_CLASS = YES_ERROR;
				CLANG_WARN__DUPLICATE_METHOD_MATCH = YES;
				"CODE_SIGN_IDENTITY[sdk=iphoneos*]" = "iPhone Developer";
				COPY_PHASE_STRIP = YES;
				ENABLE_NS_ASSERTIONS = NO;
				GCC_C_LANGUAGE_STANDARD = gnu99;
				GCC_WARN_64_TO_32_BIT_CONVERSION = YES;
				GCC_WARN_ABOUT_RETURN_TYPE = YES_ERROR;
				GCC_WARN_UNDECLARED_SELECTOR = YES;
				GCC_WARN_UNINITIALIZED_AUTOS = YES_AGGRESSIVE;
				GCC_WARN_UNUSED_FUNCTION = YES;
				GCC_WARN_UNUSED_VARIABLE = YES;
				IPHONEOS_DEPLOYMENT_TARGET = 7.1;
				SDKROOT = iphoneos;
				TARGETED_DEVICE_FAMILY = "1,2";
				VALIDATE_PRODUCT = YES;
			};
			name = Release;
		};
		7A34919119B317000075D53D /* Debug */ = {
			isa = XCBuildConfiguration;
			buildSettings = {
				ASSETCATALOG_COMPILER_APPICON_NAME = AppIcon;
				ASSETCATALOG_COMPILER_LAUNCHIMAGE_NAME = LaunchImage;
				GCC_PRECOMPILE_PREFIX_HEADER = YES;
				GCC_PREFIX_HEADER = "InstgrmIntegration/InstgrmIntegration-Prefix.pch";
				INFOPLIST_FILE = "InstgrmIntegration/InstgrmIntegration-Info.plist";
				PRODUCT_NAME = "$(TARGET_NAME)";
				WRAPPER_EXTENSION = app;
			};
			name = Debug;
		};
		7A34919219B317000075D53D /* Release */ = {
			isa = XCBuildConfiguration;
			buildSettings = {
				ASSETCATALOG_COMPILER_APPICON_NAME = AppIcon;
				ASSETCATALOG_COMPILER_LAUNCHIMAGE_NAME = LaunchImage;
				GCC_PRECOMPILE_PREFIX_HEADER = YES;
				GCC_PREFIX_HEADER = "InstgrmIntegration/InstgrmIntegration-Prefix.pch";
				INFOPLIST_FILE = "InstgrmIntegration/InstgrmIntegration-Info.plist";
				PRODUCT_NAME = "$(TARGET_NAME)";
				WRAPPER_EXTENSION = app;
			};
			name = Release;
		};
		7A34919419B317000075D53D /* Debug */ = {
			isa = XCBuildConfiguration;
			buildSettings = {
				BUNDLE_LOADER = "$(BUILT_PRODUCTS_DIR)/InstgrmIntegration.app/InstgrmIntegration";
				FRAMEWORK_SEARCH_PATHS = (
					"$(SDKROOT)/Developer/Library/Frameworks",
					"$(inherited)",
					"$(DEVELOPER_FRAMEWORKS_DIR)",
				);
				GCC_PRECOMPILE_PREFIX_HEADER = YES;
				GCC_PREFIX_HEADER = "InstgrmIntegration/InstgrmIntegration-Prefix.pch";
				GCC_PREPROCESSOR_DEFINITIONS = (
					"DEBUG=1",
					"$(inherited)",
				);
				INFOPLIST_FILE = "InstgrmIntegrationTests/InstgrmIntegrationTests-Info.plist";
				PRODUCT_NAME = "$(TARGET_NAME)";
				TEST_HOST = "$(BUNDLE_LOADER)";
				WRAPPER_EXTENSION = xctest;
			};
			name = Debug;
		};
		7A34919519B317000075D53D /* Release */ = {
			isa = XCBuildConfiguration;
			buildSettings = {
				BUNDLE_LOADER = "$(BUILT_PRODUCTS_DIR)/InstgrmIntegration.app/InstgrmIntegration";
				FRAMEWORK_SEARCH_PATHS = (
					"$(SDKROOT)/Developer/Library/Frameworks",
					"$(inherited)",
					"$(DEVELOPER_FRAMEWORKS_DIR)",
				);
				GCC_PRECOMPILE_PREFIX_HEADER = YES;
				GCC_PREFIX_HEADER = "InstgrmIntegration/InstgrmIntegration-Prefix.pch";
				INFOPLIST_FILE = "InstgrmIntegrationTests/InstgrmIntegrationTests-Info.plist";
				PRODUCT_NAME = "$(TARGET_NAME)";
				TEST_HOST = "$(BUNDLE_LOADER)";
				WRAPPER_EXTENSION = xctest;
			};
			name = Release;
		};
/* End XCBuildConfiguration section */

/* Begin XCConfigurationList section */
		7A34915619B317000075D53D /* Build configuration list for PBXProject "InstgrmIntegration" */ = {
			isa = XCConfigurationList;
			buildConfigurations = (
				7A34918E19B317000075D53D /* Debug */,
				7A34918F19B317000075D53D /* Release */,
			);
			defaultConfigurationIsVisible = 0;
			defaultConfigurationName = Release;
		};
		7A34919019B317000075D53D /* Build configuration list for PBXNativeTarget "InstgrmIntegration" */ = {
			isa = XCConfigurationList;
			buildConfigurations = (
				7A34919119B317000075D53D /* Debug */,
				7A34919219B317000075D53D /* Release */,
			);
			defaultConfigurationIsVisible = 0;
		};
		7A34919319B317000075D53D /* Build configuration list for PBXNativeTarget "InstgrmIntegrationTests" */ = {
			isa = XCConfigurationList;
			buildConfigurations = (
				7A34919419B317000075D53D /* Debug */,
				7A34919519B317000075D53D /* Release */,
			);
			defaultConfigurationIsVisible = 0;
		};
/* End XCConfigurationList section */
	};
	rootObject = 7A34915319B317000075D53D /* Project object */;
}
